
Microsoft Visual Studio Solution File, Format Version 11.00
# Visual Studio 2010
Project("{FAE04EC0-301F-11D3-BF4B-00C04F79EFBC}") = "ProceduralRings", "ProceduralRings.csproj", "{BC246F14-91F5-9E51-C2B8-B2B064A5C1AE}"
EndProject
Global
	GlobalSection(SolutionConfigurationPlatforms) = preSolution
		Debug|Any CPU = Debug|Any CPU
		Release|Any CPU = Release|Any CPU
	EndGlobalSection
	GlobalSection(ProjectConfigurationPlatforms) = postSolution
		{BC246F14-91F5-9E51-C2B8-B2B064A5C1AE}.Debug|Any CPU.ActiveCfg = Debug|Any CPU
		{BC246F14-91F5-9E51-C2B8-B2B064A5C1AE}.Debug|Any CPU.Build.0 = Debug|Any CPU
		{BC246F14-91F5-9E51-C2B8-B2B064A5C1AE}.Release|Any CPU.ActiveCfg = Release|Any CPU
		{BC246F14-91F5-9E51-C2B8-B2B064A5C1AE}.Release|Any CPU.Build.0 = Release|Any CPU
	EndGlobalSection
	GlobalSection(MonoDevelopProperties) = preSolution
		StartupItem = ProceduralRings.csproj
	EndGlobalSection
EndGlobal
